
Microsoft Visual Studio Solution File, Format Version 12.00
# Visual Studio Version 17
VisualStudioVersion = 17.7.34024.191
MinimumVisualStudioVersion = 10.0.40219.1
Project("{FAE04EC0-301F-11D3-BF4B-00C04F79EFBC}") = "AppFrigoNonna", "AppFrigoNonna\AppFrigoNonna.csproj", "{EB97D204-8253-4BAA-B52F-7361E5F4ADAD}"
EndProject
Global
	GlobalSection(SolutionConfigurationPlatforms) = preSolution
		Debug|Any CPU = Debug|Any CPU
		Release|Any CPU = Release|Any CPU
	EndGlobalSection
	GlobalSection(ProjectConfigurationPlatforms) = postSolution
		{EB97D204-8253-4BAA-B52F-7361E5F4ADAD}.Debug|Any CPU.ActiveCfg = Debug|Any CPU
		{EB97D204-8253-4BAA-B52F-7361E5F4ADAD}.Debug|Any CPU.Build.0 = Debug|Any CPU
		{EB97D204-8253-4BAA-B52F-7361E5F4ADAD}.Release|Any CPU.ActiveCfg = Release|Any CPU
		{EB97D204-8253-4BAA-B52F-7361E5F4ADAD}.Release|Any CPU.Build.0 = Release|Any CPU
	EndGlobalSection
	GlobalSection(SolutionProperties) = preSolution
		HideSolutionNode = FALSE
	EndGlobalSection
	GlobalSection(ExtensibilityGlobals) = postSolution
		SolutionGuid = {FC021E2F-C04F-4FBB-BA60-7DD4A0157F55}
	EndGlobalSection
EndGlobal
